// !$*UTF8*$!
{
	archiveVersion = 1;
	classes = {
	};
	objectVersion = 55;
	objects = {

/* Begin PBXBuildFile section */
		22171C452B7BB47B007195BF /* CoffeeCollectionViewCell.swift in Sources */ = {isa = PBXBuildFile; fileRef = 22171C432B7BB47B007195BF /* CoffeeCollectionViewCell.swift */; };
		22171C462B7BB47B007195BF /* CoffeeCollectionViewCell.xib in Resources */ = {isa = PBXBuildFile; fileRef = 22171C442B7BB47B007195BF /* CoffeeCollectionViewCell.xib */; };
		22171C492B7BB6FE007195BF /* CafeCollectionViewCell.swift in Sources */ = {isa = PBXBuildFile; fileRef = 22171C472B7BB6FE007195BF /* CafeCollectionViewCell.swift */; };
		22171C4A2B7BB6FE007195BF /* CafeCollectionViewCell.xib in Resources */ = {isa = PBXBuildFile; fileRef = 22171C482B7BB6FE007195BF /* CafeCollectionViewCell.xib */; };
		22171C4D2B7D0BCB007195BF /* CoffeeViewController.swift in Sources */ = {isa = PBXBuildFile; fileRef = 22171C4B2B7D0BCB007195BF /* CoffeeViewController.swift */; };
		22171C4E2B7D0BCB007195BF /* CoffeeViewController.xib in Resources */ = {isa = PBXBuildFile; fileRef = 22171C4C2B7D0BCB007195BF /* CoffeeViewController.xib */; };
		222FD905299E609B0070E4A3 /* CoffeeViewModel.swift in Sources */ = {isa = PBXBuildFile; fileRef = 222FD904299E609B0070E4A3 /* CoffeeViewModel.swift */; };
		222FD907299E60AC0070E4A3 /* CoffeeViewModelType.swift in Sources */ = {isa = PBXBuildFile; fileRef = 222FD906299E60AC0070E4A3 /* CoffeeViewModelType.swift */; };
		222FD90A299F789E0070E4A3 /* Coffee.swift in Sources */ = {isa = PBXBuildFile; fileRef = 222FD909299F789E0070E4A3 /* Coffee.swift */; };
		223F25C3289BEE000010D51C /* AppDelegate.swift in Sources */ = {isa = PBXBuildFile; fileRef = 223F25C2289BEE000010D51C /* AppDelegate.swift */; };
		223F25C5289BEE000010D51C /* SceneDelegate.swift in Sources */ = {isa = PBXBuildFile; fileRef = 223F25C4289BEE000010D51C /* SceneDelegate.swift */; };
		223F25CC289BEE010010D51C /* Assets.xcassets in Resources */ = {isa = PBXBuildFile; fileRef = 223F25CB289BEE010010D51C /* Assets.xcassets */; };
		223F25CF289BEE010010D51C /* LaunchScreen.storyboard in Resources */ = {isa = PBXBuildFile; fileRef = 223F25CD289BEE010010D51C /* LaunchScreen.storyboard */; };
		22525D1228A1558A00B061D7 /* DependencyContainer.swift in Sources */ = {isa = PBXBuildFile; fileRef = 22525D1128A1558A00B061D7 /* DependencyContainer.swift */; };
		22525D1428A1559700B061D7 /* DependencyContainerType.swift in Sources */ = {isa = PBXBuildFile; fileRef = 22525D1328A1559700B061D7 /* DependencyContainerType.swift */; };
		22525D1828A157F600B061D7 /* MenuViewController.swift in Sources */ = {isa = PBXBuildFile; fileRef = 22525D1728A157F600B061D7 /* MenuViewController.swift */; };
		22525D1B28A1582D00B061D7 /* MenuViewModel.swift in Sources */ = {isa = PBXBuildFile; fileRef = 22525D1A28A1582D00B061D7 /* MenuViewModel.swift */; };
		22525D1D28A1583600B061D7 /* MenuViewModelType.swift in Sources */ = {isa = PBXBuildFile; fileRef = 22525D1C28A1583600B061D7 /* MenuViewModelType.swift */; };
		22525D2028A15FF100B061D7 /* FlowController.swift in Sources */ = {isa = PBXBuildFile; fileRef = 22525D1F28A15FF100B061D7 /* FlowController.swift */; };
		22525D2228A15FFC00B061D7 /* FlowControllerType.swift in Sources */ = {isa = PBXBuildFile; fileRef = 22525D2128A15FFC00B061D7 /* FlowControllerType.swift */; };
		2270AD25292A1CB600DB5F14 /* CafeViewController.swift in Sources */ = {isa = PBXBuildFile; fileRef = 2270AD24292A1CB600DB5F14 /* CafeViewController.swift */; };
		2270AD27292A1CCF00DB5F14 /* CafeViewModel.swift in Sources */ = {isa = PBXBuildFile; fileRef = 2270AD26292A1CCF00DB5F14 /* CafeViewModel.swift */; };
		2270AD29292A1CD700DB5F14 /* CafeViewModelType.swift in Sources */ = {isa = PBXBuildFile; fileRef = 2270AD28292A1CD700DB5F14 /* CafeViewModelType.swift */; };
		228539402B717914001DC26F /* CafeViewController.xib in Resources */ = {isa = PBXBuildFile; fileRef = 2285393F2B717914001DC26F /* CafeViewController.xib */; };
		22CB60312B7FABC50000AE74 /* CoffeeDetailsViewController.swift in Sources */ = {isa = PBXBuildFile; fileRef = 22CB602F2B7FABC50000AE74 /* CoffeeDetailsViewController.swift */; };
		22CB60322B7FABC50000AE74 /* CoffeeDetailsViewController.xib in Resources */ = {isa = PBXBuildFile; fileRef = 22CB60302B7FABC50000AE74 /* CoffeeDetailsViewController.xib */; };
		22CB60352B7FABEA0000AE74 /* CoffeeDetailsViewModel.swift in Sources */ = {isa = PBXBuildFile; fileRef = 22CB60342B7FABEA0000AE74 /* CoffeeDetailsViewModel.swift */; };
		22CB60372B7FABFA0000AE74 /* CoffeeDetailsViewModelType.swift in Sources */ = {isa = PBXBuildFile; fileRef = 22CB60362B7FABFA0000AE74 /* CoffeeDetailsViewModelType.swift */; };
/* End PBXBuildFile section */

/* Begin PBXFileReference section */
		22171C432B7BB47B007195BF /* CoffeeCollectionViewCell.swift */ = {isa = PBXFileReference; lastKnownFileType = sourcecode.swift; path = CoffeeCollectionViewCell.swift; sourceTree = "<group>"; };
		22171C442B7BB47B007195BF /* CoffeeCollectionViewCell.xib */ = {isa = PBXFileReference; lastKnownFileType = file.xib; path = CoffeeCollectionViewCell.xib; sourceTree = "<group>"; };
		22171C472B7BB6FE007195BF /* CafeCollectionViewCell.swift */ = {isa = PBXFileReference; lastKnownFileType = sourcecode.swift; path = CafeCollectionViewCell.swift; sourceTree = "<group>"; };
		22171C482B7BB6FE007195BF /* CafeCollectionViewCell.xib */ = {isa = PBXFileReference; lastKnownFileType = file.xib; path = CafeCollectionViewCell.xib; sourceTree = "<group>"; };
		22171C4B2B7D0BCB007195BF /* CoffeeViewController.swift */ = {isa = PBXFileReference; lastKnownFileType = sourcecode.swift; path = CoffeeViewController.swift; sourceTree = "<group>"; };
		22171C4C2B7D0BCB007195BF /* CoffeeViewController.xib */ = {isa = PBXFileReference; lastKnownFileType = file.xib; path = CoffeeViewController.xib; sourceTree = "<group>"; };
		222FD904299E609B0070E4A3 /* CoffeeViewModel.swift */ = {isa = PBXFileReference; lastKnownFileType = sourcecode.swift; path = CoffeeViewModel.swift; sourceTree = "<group>"; };
		222FD906299E60AC0070E4A3 /* CoffeeViewModelType.swift */ = {isa = PBXFileReference; lastKnownFileType = sourcecode.swift; path = CoffeeViewModelType.swift; sourceTree = "<group>"; };
		222FD909299F789E0070E4A3 /* Coffee.swift */ = {isa = PBXFileReference; lastKnownFileType = sourcecode.swift; path = Coffee.swift; sourceTree = "<group>"; };
		223F25BF289BEE000010D51C /* CoffeeGuide.app */ = {isa = PBXFileReference; explicitFileType = wrapper.application; includeInIndex = 0; path = CoffeeGuide.app; sourceTree = BUILT_PRODUCTS_DIR; };
		223F25C2289BEE000010D51C /* AppDelegate.swift */ = {isa = PBXFileReference; lastKnownFileType = sourcecode.swift; path = AppDelegate.swift; sourceTree = "<group>"; };
		223F25C4289BEE000010D51C /* SceneDelegate.swift */ = {isa = PBXFileReference; lastKnownFileType = sourcecode.swift; path = SceneDelegate.swift; sourceTree = "<group>"; };
		223F25CB289BEE010010D51C /* Assets.xcassets */ = {isa = PBXFileReference; lastKnownFileType = folder.assetcatalog; path = Assets.xcassets; sourceTree = "<group>"; };
		223F25CE289BEE010010D51C /* Base */ = {isa = PBXFileReference; lastKnownFileType = file.storyboard; name = Base; path = Base.lproj/LaunchScreen.storyboard; sourceTree = "<group>"; };
		223F25D0289BEE010010D51C /* Info.plist */ = {isa = PBXFileReference; lastKnownFileType = text.plist.xml; path = Info.plist; sourceTree = "<group>"; };
		22525D1128A1558A00B061D7 /* DependencyContainer.swift */ = {isa = PBXFileReference; lastKnownFileType = sourcecode.swift; path = DependencyContainer.swift; sourceTree = "<group>"; };
		22525D1328A1559700B061D7 /* DependencyContainerType.swift */ = {isa = PBXFileReference; lastKnownFileType = sourcecode.swift; path = DependencyContainerType.swift; sourceTree = "<group>"; };
		22525D1728A157F600B061D7 /* MenuViewController.swift */ = {isa = PBXFileReference; lastKnownFileType = sourcecode.swift; path = MenuViewController.swift; sourceTree = "<group>"; };
		22525D1A28A1582D00B061D7 /* MenuViewModel.swift */ = {isa = PBXFileReference; lastKnownFileType = sourcecode.swift; path = MenuViewModel.swift; sourceTree = "<group>"; };
		22525D1C28A1583600B061D7 /* MenuViewModelType.swift */ = {isa = PBXFileReference; lastKnownFileType = sourcecode.swift; path = MenuViewModelType.swift; sourceTree = "<group>"; };
		22525D1F28A15FF100B061D7 /* FlowController.swift */ = {isa = PBXFileReference; lastKnownFileType = sourcecode.swift; path = FlowController.swift; sourceTree = "<group>"; };
		22525D2128A15FFC00B061D7 /* FlowControllerType.swift */ = {isa = PBXFileReference; lastKnownFileType = sourcecode.swift; path = FlowControllerType.swift; sourceTree = "<group>"; };
		2270AD24292A1CB600DB5F14 /* CafeViewController.swift */ = {isa = PBXFileReference; lastKnownFileType = sourcecode.swift; path = CafeViewController.swift; sourceTree = "<group>"; };
		2270AD26292A1CCF00DB5F14 /* CafeViewModel.swift */ = {isa = PBXFileReference; lastKnownFileType = sourcecode.swift; path = CafeViewModel.swift; sourceTree = "<group>"; };
		2270AD28292A1CD700DB5F14 /* CafeViewModelType.swift */ = {isa = PBXFileReference; lastKnownFileType = sourcecode.swift; path = CafeViewModelType.swift; sourceTree = "<group>"; };
		2285393F2B717914001DC26F /* CafeViewController.xib */ = {isa = PBXFileReference; lastKnownFileType = file.xib; path = CafeViewController.xib; sourceTree = "<group>"; };
		22CB602F2B7FABC50000AE74 /* CoffeeDetailsViewController.swift */ = {isa = PBXFileReference; lastKnownFileType = sourcecode.swift; path = CoffeeDetailsViewController.swift; sourceTree = "<group>"; };
		22CB60302B7FABC50000AE74 /* CoffeeDetailsViewController.xib */ = {isa = PBXFileReference; lastKnownFileType = file.xib; path = CoffeeDetailsViewController.xib; sourceTree = "<group>"; };
		22CB60342B7FABEA0000AE74 /* CoffeeDetailsViewModel.swift */ = {isa = PBXFileReference; lastKnownFileType = sourcecode.swift; path = CoffeeDetailsViewModel.swift; sourceTree = "<group>"; };
		22CB60362B7FABFA0000AE74 /* CoffeeDetailsViewModelType.swift */ = {isa = PBXFileReference; lastKnownFileType = sourcecode.swift; path = CoffeeDetailsViewModelType.swift; sourceTree = "<group>"; };
/* End PBXFileReference section */

/* Begin PBXFrameworksBuildPhase section */
		223F25BC289BEE000010D51C /* Frameworks */ = {
			isa = PBXFrameworksBuildPhase;
			buildActionMask = 2147483647;
			files = (
			);
			runOnlyForDeploymentPostprocessing = 0;
		};
/* End PBXFrameworksBuildPhase section */

/* Begin PBXGroup section */
		22171C422B7BB45E007195BF /* CoffeeCollectionViewCell */ = {
			isa = PBXGroup;
			children = (
				22171C432B7BB47B007195BF /* CoffeeCollectionViewCell.swift */,
				22171C442B7BB47B007195BF /* CoffeeCollectionViewCell.xib */,
			);
			path = CoffeeCollectionViewCell;
			sourceTree = "<group>";
		};
		222FD900299E60660070E4A3 /* CoffeeViewControler */ = {
			isa = PBXGroup;
			children = (
				222FD903299E60880070E4A3 /* ViewModel */,
				22171C4B2B7D0BCB007195BF /* CoffeeViewController.swift */,
				22171C4C2B7D0BCB007195BF /* CoffeeViewController.xib */,
			);
			path = CoffeeViewControler;
			sourceTree = "<group>";
		};
		222FD903299E60880070E4A3 /* ViewModel */ = {
			isa = PBXGroup;
			children = (
				222FD906299E60AC0070E4A3 /* CoffeeViewModelType.swift */,
				222FD904299E609B0070E4A3 /* CoffeeViewModel.swift */,
			);
			path = ViewModel;
			sourceTree = "<group>";
		};
		222FD908299F788A0070E4A3 /* Models */ = {
			isa = PBXGroup;
			children = (
				222FD909299F789E0070E4A3 /* Coffee.swift */,
			);
			path = Models;
			sourceTree = "<group>";
		};
		222FD90B299F7EDB0070E4A3 /* Views */ = {
			isa = PBXGroup;
			children = (
				222FD90C299F7F2F0070E4A3 /* Cells */,
			);
			path = Views;
			sourceTree = "<group>";
		};
		222FD90C299F7F2F0070E4A3 /* Cells */ = {
			isa = PBXGroup;
			children = (
				22171C422B7BB45E007195BF /* CoffeeCollectionViewCell */,
				227A2D372B717EC000E8E890 /* CafeCollectionViewCell */,
			);
			path = Cells;
			sourceTree = "<group>";
		};
		223F25B6289BEE000010D51C = {
			isa = PBXGroup;
			children = (
				223F25C1289BEE000010D51C /* CoffeeGuide */,
				223F25C0289BEE000010D51C /* Products */,
			);
			sourceTree = "<group>";
		};
		223F25C0289BEE000010D51C /* Products */ = {
			isa = PBXGroup;
			children = (
				223F25BF289BEE000010D51C /* CoffeeGuide.app */,
			);
			name = Products;
			sourceTree = "<group>";
		};
		223F25C1289BEE000010D51C /* CoffeeGuide */ = {
			isa = PBXGroup;
			children = (
				222FD90B299F7EDB0070E4A3 /* Views */,
				222FD908299F788A0070E4A3 /* Models */,
				223F25C2289BEE000010D51C /* AppDelegate.swift */,
				223F25C4289BEE000010D51C /* SceneDelegate.swift */,
				22525D1E28A15FDE00B061D7 /* FlowController */,
				22525D1528A157E000B061D7 /* ViewController */,
				22525D1028A1556700B061D7 /* DependencyContainer */,
				223F25CB289BEE010010D51C /* Assets.xcassets */,
				223F25CD289BEE010010D51C /* LaunchScreen.storyboard */,
				223F25D0289BEE010010D51C /* Info.plist */,
			);
			path = CoffeeGuide;
			sourceTree = "<group>";
		};
		22525D1028A1556700B061D7 /* DependencyContainer */ = {
			isa = PBXGroup;
			children = (
				22525D1328A1559700B061D7 /* DependencyContainerType.swift */,
				22525D1128A1558A00B061D7 /* DependencyContainer.swift */,
			);
			path = DependencyContainer;
			sourceTree = "<group>";
		};
		22525D1528A157E000B061D7 /* ViewController */ = {
			isa = PBXGroup;
			children = (
				22CB602E2B7FAB9B0000AE74 /* CoffeeDetailsViewController */,
				222FD900299E60660070E4A3 /* CoffeeViewControler */,
				2270AD22292A1C8C00DB5F14 /* CafeViewController */,
				22525D1628A157E700B061D7 /* MenuViewController */,
			);
			path = ViewController;
			sourceTree = "<group>";
		};
		22525D1628A157E700B061D7 /* MenuViewController */ = {
			isa = PBXGroup;
			children = (
				22525D1928A157FB00B061D7 /* ViewModel */,
				22525D1728A157F600B061D7 /* MenuViewController.swift */,
			);
			path = MenuViewController;
			sourceTree = "<group>";
		};
		22525D1928A157FB00B061D7 /* ViewModel */ = {
			isa = PBXGroup;
			children = (
				22525D1C28A1583600B061D7 /* MenuViewModelType.swift */,
				22525D1A28A1582D00B061D7 /* MenuViewModel.swift */,
			);
			path = ViewModel;
			sourceTree = "<group>";
		};
		22525D1E28A15FDE00B061D7 /* FlowController */ = {
			isa = PBXGroup;
			children = (
				22525D2128A15FFC00B061D7 /* FlowControllerType.swift */,
				22525D1F28A15FF100B061D7 /* FlowController.swift */,
			);
			path = FlowController;
			sourceTree = "<group>";
		};
		2270AD22292A1C8C00DB5F14 /* CafeViewController */ = {
			isa = PBXGroup;
			children = (
				2270AD23292A1C9D00DB5F14 /* ViewModel */,
				2270AD24292A1CB600DB5F14 /* CafeViewController.swift */,
				2285393F2B717914001DC26F /* CafeViewController.xib */,
			);
			path = CafeViewController;
			sourceTree = "<group>";
		};
		2270AD23292A1C9D00DB5F14 /* ViewModel */ = {
			isa = PBXGroup;
			children = (
				2270AD28292A1CD700DB5F14 /* CafeViewModelType.swift */,
				2270AD26292A1CCF00DB5F14 /* CafeViewModel.swift */,
			);
			path = ViewModel;
			sourceTree = "<group>";
		};
		227A2D372B717EC000E8E890 /* CafeCollectionViewCell */ = {
			isa = PBXGroup;
			children = (
				22171C472B7BB6FE007195BF /* CafeCollectionViewCell.swift */,
				22171C482B7BB6FE007195BF /* CafeCollectionViewCell.xib */,
			);
			path = CafeCollectionViewCell;
			sourceTree = "<group>";
		};
		22CB602E2B7FAB9B0000AE74 /* CoffeeDetailsViewController */ = {
			isa = PBXGroup;
			children = (
				22CB60332B7FABCF0000AE74 /* ViewModel */,
				22CB602F2B7FABC50000AE74 /* CoffeeDetailsViewController.swift */,
				22CB60302B7FABC50000AE74 /* CoffeeDetailsViewController.xib */,
			);
			path = CoffeeDetailsViewController;
			sourceTree = "<group>";
		};
		22CB60332B7FABCF0000AE74 /* ViewModel */ = {
			isa = PBXGroup;
			children = (
				22CB60362B7FABFA0000AE74 /* CoffeeDetailsViewModelType.swift */,
				22CB60342B7FABEA0000AE74 /* CoffeeDetailsViewModel.swift */,
			);
			path = ViewModel;
			sourceTree = "<group>";
		};
/* End PBXGroup section */

/* Begin PBXNativeTarget section */
		223F25BE289BEE000010D51C /* CoffeeGuide */ = {
			isa = PBXNativeTarget;
			buildConfigurationList = 223F25D3289BEE010010D51C /* Build configuration list for PBXNativeTarget "CoffeeGuide" */;
			buildPhases = (
				223F25BB289BEE000010D51C /* Sources */,
				223F25BC289BEE000010D51C /* Frameworks */,
				223F25BD289BEE000010D51C /* Resources */,
			);
			buildRules = (
			);
			dependencies = (
			);
			name = CoffeeGuide;
			productName = CoffeeGuide;
			productReference = 223F25BF289BEE000010D51C /* CoffeeGuide.app */;
			productType = "com.apple.product-type.application";
		};
/* End PBXNativeTarget section */

/* Begin PBXProject section */
		223F25B7289BEE000010D51C /* Project object */ = {
			isa = PBXProject;
			attributes = {
				BuildIndependentTargetsInParallel = 1;
				LastSwiftUpdateCheck = 1340;
				LastUpgradeCheck = 1340;
				TargetAttributes = {
					223F25BE289BEE000010D51C = {
						CreatedOnToolsVersion = 13.4.1;
					};
				};
			};
			buildConfigurationList = 223F25BA289BEE000010D51C /* Build configuration list for PBXProject "CoffeeGuide" */;
			compatibilityVersion = "Xcode 13.0";
			developmentRegion = en;
			hasScannedForEncodings = 0;
			knownRegions = (
				en,
				Base,
			);
			mainGroup = 223F25B6289BEE000010D51C;
			productRefGroup = 223F25C0289BEE000010D51C /* Products */;
			projectDirPath = "";
			projectRoot = "";
			targets = (
				223F25BE289BEE000010D51C /* CoffeeGuide */,
			);
		};
/* End PBXProject section */

/* Begin PBXResourcesBuildPhase section */
		223F25BD289BEE000010D51C /* Resources */ = {
			isa = PBXResourcesBuildPhase;
			buildActionMask = 2147483647;
			files = (
				22171C462B7BB47B007195BF /* CoffeeCollectionViewCell.xib in Resources */,
				22CB60322B7FABC50000AE74 /* CoffeeDetailsViewController.xib in Resources */,
				22171C4E2B7D0BCB007195BF /* CoffeeViewController.xib in Resources */,
				223F25CF289BEE010010D51C /* LaunchScreen.storyboard in Resources */,
				228539402B717914001DC26F /* CafeViewController.xib in Resources */,
				22171C4A2B7BB6FE007195BF /* CafeCollectionViewCell.xib in Resources */,
				223F25CC289BEE010010D51C /* Assets.xcassets in Resources */,
			);
			runOnlyForDeploymentPostprocessing = 0;
		};
/* End PBXResourcesBuildPhase section */

/* Begin PBXSourcesBuildPhase section */
		223F25BB289BEE000010D51C /* Sources */ = {
			isa = PBXSourcesBuildPhase;
			buildActionMask = 2147483647;
			files = (
				2270AD25292A1CB600DB5F14 /* CafeViewController.swift in Sources */,
				22525D2228A15FFC00B061D7 /* FlowControllerType.swift in Sources */,
				22525D1B28A1582D00B061D7 /* MenuViewModel.swift in Sources */,
				2270AD29292A1CD700DB5F14 /* CafeViewModelType.swift in Sources */,
				22525D2028A15FF100B061D7 /* FlowController.swift in Sources */,
				22171C452B7BB47B007195BF /* CoffeeCollectionViewCell.swift in Sources */,
				2270AD27292A1CCF00DB5F14 /* CafeViewModel.swift in Sources */,
				22525D1828A157F600B061D7 /* MenuViewController.swift in Sources */,
				223F25C3289BEE000010D51C /* AppDelegate.swift in Sources */,
				222FD905299E609B0070E4A3 /* CoffeeViewModel.swift in Sources */,
				22525D1428A1559700B061D7 /* DependencyContainerType.swift in Sources */,
				222FD90A299F789E0070E4A3 /* Coffee.swift in Sources */,
				22171C4D2B7D0BCB007195BF /* CoffeeViewController.swift in Sources */,
				22171C492B7BB6FE007195BF /* CafeCollectionViewCell.swift in Sources */,
				22CB60372B7FABFA0000AE74 /* CoffeeDetailsViewModelType.swift in Sources */,
				22525D1D28A1583600B061D7 /* MenuViewModelType.swift in Sources */,
				22CB60352B7FABEA0000AE74 /* CoffeeDetailsViewModel.swift in Sources */,
				22525D1228A1558A00B061D7 /* DependencyContainer.swift in Sources */,
				222FD907299E60AC0070E4A3 /* CoffeeViewModelType.swift in Sources */,
				223F25C5289BEE000010D51C /* SceneDelegate.swift in Sources */,
				22CB60312B7FABC50000AE74 /* CoffeeDetailsViewController.swift in Sources */,
			);
			runOnlyForDeploymentPostprocessing = 0;
		};
/* End PBXSourcesBuildPhase section */

/* Begin PBXVariantGroup section */
		223F25CD289BEE010010D51C /* LaunchScreen.storyboard */ = {
			isa = PBXVariantGroup;
			children = (
				223F25CE289BEE010010D51C /* Base */,
			);
			name = LaunchScreen.storyboard;
			sourceTree = "<group>";
		};
/* End PBXVariantGroup section */

/* Begin XCBuildConfiguration section */
		223F25D1289BEE010010D51C /* Debug */ = {
			isa = XCBuildConfiguration;
			buildSettings = {
				ALWAYS_SEARCH_USER_PATHS = NO;
				CLANG_ANALYZER_NONNULL = YES;
				CLANG_ANALYZER_NUMBER_OBJECT_CONVERSION = YES_AGGRESSIVE;
				CLANG_CXX_LANGUAGE_STANDARD = "gnu++17";
				CLANG_ENABLE_MODULES = YES;
				CLANG_ENABLE_OBJC_ARC = YES;
				CLANG_ENABLE_OBJC_WEAK = YES;
				CLANG_WARN_BLOCK_CAPTURE_AUTORELEASING = YES;
				CLANG_WARN_BOOL_CONVERSION = YES;
				CLANG_WARN_COMMA = YES;
				CLANG_WARN_CONSTANT_CONVERSION = YES;
				CLANG_WARN_DEPRECATED_OBJC_IMPLEMENTATIONS = YES;
				CLANG_WARN_DIRECT_OBJC_ISA_USAGE = YES_ERROR;
				CLANG_WARN_DOCUMENTATION_COMMENTS = YES;
				CLANG_WARN_EMPTY_BODY = YES;
				CLANG_WARN_ENUM_CONVERSION = YES;
				CLANG_WARN_INFINITE_RECURSION = YES;
				CLANG_WARN_INT_CONVERSION = YES;
				CLANG_WARN_NON_LITERAL_NULL_CONVERSION = YES;
				CLANG_WARN_OBJC_IMPLICIT_RETAIN_SELF = YES;
				CLANG_WARN_OBJC_LITERAL_CONVERSION = YES;
				CLANG_WARN_OBJC_ROOT_CLASS = YES_ERROR;
				CLANG_WARN_QUOTED_INCLUDE_IN_FRAMEWORK_HEADER = YES;
				CLANG_WARN_RANGE_LOOP_ANALYSIS = YES;
				CLANG_WARN_STRICT_PROTOTYPES = YES;
				CLANG_WARN_SUSPICIOUS_MOVE = YES;
				CLANG_WARN_UNGUARDED_AVAILABILITY = YES_AGGRESSIVE;
				CLANG_WARN_UNREACHABLE_CODE = YES;
				CLANG_WARN__DUPLICATE_METHOD_MATCH = YES;
				COPY_PHASE_STRIP = NO;
				DEBUG_INFORMATION_FORMAT = dwarf;
				ENABLE_STRICT_OBJC_MSGSEND = YES;
				ENABLE_TESTABILITY = YES;
				GCC_C_LANGUAGE_STANDARD = gnu11;
				GCC_DYNAMIC_NO_PIC = NO;
				GCC_NO_COMMON_BLOCKS = YES;
				GCC_OPTIMIZATION_LEVEL = 0;
				GCC_PREPROCESSOR_DEFINITIONS = (
					"DEBUG=1",
					"$(inherited)",
				);
				GCC_WARN_64_TO_32_BIT_CONVERSION = YES;
				GCC_WARN_ABOUT_RETURN_TYPE = YES_ERROR;
				GCC_WARN_UNDECLARED_SELECTOR = YES;
				GCC_WARN_UNINITIALIZED_AUTOS = YES_AGGRESSIVE;
				GCC_WARN_UNUSED_FUNCTION = YES;
				GCC_WARN_UNUSED_VARIABLE = YES;
				IPHONEOS_DEPLOYMENT_TARGET = 15.5;
				MTL_ENABLE_DEBUG_INFO = INCLUDE_SOURCE;
				MTL_FAST_MATH = YES;
				ONLY_ACTIVE_ARCH = YES;
				SDKROOT = iphoneos;
				SWIFT_ACTIVE_COMPILATION_CONDITIONS = DEBUG;
				SWIFT_OPTIMIZATION_LEVEL = "-Onone";
			};
			name = Debug;
		};
		223F25D2289BEE010010D51C /* Release */ = {
			isa = XCBuildConfiguration;
			buildSettings = {
				ALWAYS_SEARCH_USER_PATHS = NO;
				CLANG_ANALYZER_NONNULL = YES;
				CLANG_ANALYZER_NUMBER_OBJECT_CONVERSION = YES_AGGRESSIVE;
				CLANG_CXX_LANGUAGE_STANDARD = "gnu++17";
				CLANG_ENABLE_MODULES = YES;
				CLANG_ENABLE_OBJC_ARC = YES;
				CLANG_ENABLE_OBJC_WEAK = YES;
				CLANG_WARN_BLOCK_CAPTURE_AUTORELEASING = YES;
				CLANG_WARN_BOOL_CONVERSION = YES;
				CLANG_WARN_COMMA = YES;
				CLANG_WARN_CONSTANT_CONVERSION = YES;
				CLANG_WARN_DEPRECATED_OBJC_IMPLEMENTATIONS = YES;
				CLANG_WARN_DIRECT_OBJC_ISA_USAGE = YES_ERROR;
				CLANG_WARN_DOCUMENTATION_COMMENTS = YES;
				CLANG_WARN_EMPTY_BODY = YES;
				CLANG_WARN_ENUM_CONVERSION = YES;
				CLANG_WARN_INFINITE_RECURSION = YES;
				CLANG_WARN_INT_CONVERSION = YES;
				CLANG_WARN_NON_LITERAL_NULL_CONVERSION = YES;
				CLANG_WARN_OBJC_IMPLICIT_RETAIN_SELF = YES;
				CLANG_WARN_OBJC_LITERAL_CONVERSION = YES;
				CLANG_WARN_OBJC_ROOT_CLASS = YES_ERROR;
				CLANG_WARN_QUOTED_INCLUDE_IN_FRAMEWORK_HEADER = YES;
				CLANG_WARN_RANGE_LOOP_ANALYSIS = YES;
				CLANG_WARN_STRICT_PROTOTYPES = YES;
				CLANG_WARN_SUSPICIOUS_MOVE = YES;
				CLANG_WARN_UNGUARDED_AVAILABILITY = YES_AGGRESSIVE;
				CLANG_WARN_UNREACHABLE_CODE = YES;
				CLANG_WARN__DUPLICATE_METHOD_MATCH = YES;
				COPY_PHASE_STRIP = NO;
				DEBUG_INFORMATION_FORMAT = "dwarf-with-dsym";
				ENABLE_NS_ASSERTIONS = NO;
				ENABLE_STRICT_OBJC_MSGSEND = YES;
				GCC_C_LANGUAGE_STANDARD = gnu11;
				GCC_NO_COMMON_BLOCKS = YES;
				GCC_WARN_64_TO_32_BIT_CONVERSION = YES;
				GCC_WARN_ABOUT_RETURN_TYPE = YES_ERROR;
				GCC_WARN_UNDECLARED_SELECTOR = YES;
				GCC_WARN_UNINITIALIZED_AUTOS = YES_AGGRESSIVE;
				GCC_WARN_UNUSED_FUNCTION = YES;
				GCC_WARN_UNUSED_VARIABLE = YES;
				IPHONEOS_DEPLOYMENT_TARGET = 15.5;
				MTL_ENABLE_DEBUG_INFO = NO;
				MTL_FAST_MATH = YES;
				SDKROOT = iphoneos;
				SWIFT_COMPILATION_MODE = wholemodule;
				SWIFT_OPTIMIZATION_LEVEL = "-O";
				VALIDATE_PRODUCT = YES;
			};
			name = Release;
		};
		223F25D4289BEE010010D51C /* Debug */ = {
			isa = XCBuildConfiguration;
			buildSettings = {
				ASSETCATALOG_COMPILER_APPICON_NAME = AppIcon;
				ASSETCATALOG_COMPILER_GLOBAL_ACCENT_COLOR_NAME = AccentColor;
				CODE_SIGN_STYLE = Automatic;
				CURRENT_PROJECT_VERSION = 1;
				DEVELOPMENT_TEAM = CMP2J53PVQ;
				GENERATE_INFOPLIST_FILE = YES;
				INFOPLIST_FILE = CoffeeGuide/Info.plist;
				INFOPLIST_KEY_CFBundleDisplayName = CoffeeGuide;
				INFOPLIST_KEY_LSApplicationCategoryType = "public.app-category.lifestyle";
				INFOPLIST_KEY_UIApplicationSupportsIndirectInputEvents = YES;
				INFOPLIST_KEY_UILaunchStoryboardName = LaunchScreen;
				INFOPLIST_KEY_UIStatusBarStyle = "";
				INFOPLIST_KEY_UISupportedInterfaceOrientations = UIInterfaceOrientationPortrait;
				INFOPLIST_KEY_UISupportedInterfaceOrientations_iPad = "UIInterfaceOrientationLandscapeLeft UIInterfaceOrientationLandscapeRight UIInterfaceOrientationPortrait UIInterfaceOrientationPortraitUpsideDown";
				LD_RUNPATH_SEARCH_PATHS = (
					"$(inherited)",
					"@executable_path/Frameworks",
				);
				MARKETING_VERSION = 1.0;
				PRODUCT_BUNDLE_IDENTIFIER = janszala.CoffeeGuide;
				PRODUCT_NAME = "$(TARGET_NAME)";
				SUPPORTED_PLATFORMS = "iphoneos iphonesimulator";
				SUPPORTS_MACCATALYST = NO;
				SUPPORTS_MAC_DESIGNED_FOR_IPHONE_IPAD = NO;
				SWIFT_EMIT_LOC_STRINGS = YES;
				SWIFT_VERSION = 5.0;
				TARGETED_DEVICE_FAMILY = 1;
			};
			name = Debug;
		};
		223F25D5289BEE010010D51C /* Release */ = {
			isa = XCBuildConfiguration;
			buildSettings = {
				ASSETCATALOG_COMPILER_APPICON_NAME = AppIcon;
				ASSETCATALOG_COMPILER_GLOBAL_ACCENT_COLOR_NAME = AccentColor;
				CODE_SIGN_STYLE = Automatic;
				CURRENT_PROJECT_VERSION = 1;
				DEVELOPMENT_TEAM = CMP2J53PVQ;
				GENERATE_INFOPLIST_FILE = YES;
				INFOPLIST_FILE = CoffeeGuide/Info.plist;
				INFOPLIST_KEY_CFBundleDisplayName = CoffeeGuide;
				INFOPLIST_KEY_LSApplicationCategoryType = "public.app-category.lifestyle";
				INFOPLIST_KEY_UIApplicationSupportsIndirectInputEvents = YES;
				INFOPLIST_KEY_UILaunchStoryboardName = LaunchScreen;
				INFOPLIST_KEY_UIStatusBarStyle = "";
				INFOPLIST_KEY_UISupportedInterfaceOrientations = UIInterfaceOrientationPortrait;
				INFOPLIST_KEY_UISupportedInterfaceOrientations_iPad = "UIInterfaceOrientationLandscapeLeft UIInterfaceOrientationLandscapeRight UIInterfaceOrientationPortrait UIInterfaceOrientationPortraitUpsideDown";
				LD_RUNPATH_SEARCH_PATHS = (
					"$(inherited)",
					"@executable_path/Frameworks",
				);
				MARKETING_VERSION = 1.0;
				PRODUCT_BUNDLE_IDENTIFIER = janszala.CoffeeGuide;
				PRODUCT_NAME = "$(TARGET_NAME)";
				SUPPORTED_PLATFORMS = "iphoneos iphonesimulator";
				SUPPORTS_MACCATALYST = NO;
				SUPPORTS_MAC_DESIGNED_FOR_IPHONE_IPAD = NO;
				SWIFT_EMIT_LOC_STRINGS = YES;
				SWIFT_VERSION = 5.0;
				TARGETED_DEVICE_FAMILY = 1;
			};
			name = Release;
		};
/* End XCBuildConfiguration section */

/* Begin XCConfigurationList section */
		223F25BA289BEE000010D51C /* Build configuration list for PBXProject "CoffeeGuide" */ = {
			isa = XCConfigurationList;
			buildConfigurations = (
				223F25D1289BEE010010D51C /* Debug */,
				223F25D2289BEE010010D51C /* Release */,
			);
			defaultConfigurationIsVisible = 0;
			defaultConfigurationName = Release;
		};
		223F25D3289BEE010010D51C /* Build configuration list for PBXNativeTarget "CoffeeGuide" */ = {
			isa = XCConfigurationList;
			buildConfigurations = (
				223F25D4289BEE010010D51C /* Debug */,
				223F25D5289BEE010010D51C /* Release */,
			);
			defaultConfigurationIsVisible = 0;
			defaultConfigurationName = Release;
		};
/* End XCConfigurationList section */
	};
	rootObject = 223F25B7289BEE000010D51C /* Project object */;
}
